
Microsoft Visual Studio Solution File, Format Version 12.00
# Visual Studio Version 16
VisualStudioVersion = 16.0.29324.140
MinimumVisualStudioVersion = 10.0.40219.1
Project("{9A19103F-16F7-4668-BE54-9A1E7A4F7556}") = "Basics", "Basics\Basics.csproj", "{CB8DA3CE-CF95-4547-9DDE-A7A4102A3130}"
EndProject
Project("{9A19103F-16F7-4668-BE54-9A1E7A4F7556}") = "IdentityExample", "IdentityExample\IdentityExample.csproj", "{BD528B93-CC27-46DB-80FA-DC9BF617E820}"
EndProject
Project("{2150E333-8FDC-42A3-9474-1A3956D46DE8}") = "basic", "basic", "{7543969E-0B5E-40EA-B9FC-7E22857D7B5D}"
EndProject
Project("{2150E333-8FDC-42A3-9474-1A3956D46DE8}") = "oauth", "oauth", "{85A8A5DC-9E6A-4694-9919-767DC72BC960}"
EndProject
Project("{9A19103F-16F7-4668-BE54-9A1E7A4F7556}") = "Server", "Server\Server.csproj", "{EBC70960-000B-4F1F-A41F-52A91AEAF6E6}"
EndProject
Project("{9A19103F-16F7-4668-BE54-9A1E7A4F7556}") = "Client", "Client\Client.csproj", "{4707EDF0-4DB1-473B-9435-5FEBDA1042B3}"
EndProject
Project("{9A19103F-16F7-4668-BE54-9A1E7A4F7556}") = "Api", "Api\Api.csproj", "{A51D18DA-8122-44E1-867B-1251C088832A}"
EndProject
Project("{2150E333-8FDC-42A3-9474-1A3956D46DE8}") = "identityserver4", "identityserver4", "{9D8AD979-7C11-45DF-AA44-FDE88CA65FF4}"
EndProject
Project("{9A19103F-16F7-4668-BE54-9A1E7A4F7556}") = "IdentityServer", "IdentityServer\IdentityServer.csproj", "{BD1A1261-3980-48F9-9F9F-EEE214B97728}"
EndProject
Project("{9A19103F-16F7-4668-BE54-9A1E7A4F7556}") = "ApiOne", "ApiOne\ApiOne.csproj", "{7EEF41C6-A90F-47F2-8BC8-91D1C3F966FE}"
EndProject
Project("{9A19103F-16F7-4668-BE54-9A1E7A4F7556}") = "ApiTwo", "ApiTwo\ApiTwo.csproj", "{89877242-92A7-419E-9DC6-ED18C40DA704}"
EndProject
Project("{9A19103F-16F7-4668-BE54-9A1E7A4F7556}") = "MvcClient", "MvcClient\MvcClient.csproj", "{DECF9AE7-E0AE-485E-8FF4-ED3276A785F5}"
EndProject
Project("{9A19103F-16F7-4668-BE54-9A1E7A4F7556}") = "JavascriptClient", "JavascriptClient\JavascriptClient.csproj", "{29A7FDE8-6760-4796-82AE-00FBA7B1C0B4}"
EndProject
Project("{FAE04EC0-301F-11D3-BF4B-00C04F79EFBC}") = "WpfApp", "WpfApp\WpfApp.csproj", "{FCC518A9-909C-4F86-9DD0-C16C0ED67B68}"
EndProject
Project("{FAE04EC0-301F-11D3-BF4B-00C04F79EFBC}") = "XamarinApp.Android", "XamarinApp\XamarinApp.Android\XamarinApp.Android.csproj", "{6DFCB525-A543-46D2-B7AF-761B7E5AF160}"
EndProject
Project("{9A19103F-16F7-4668-BE54-9A1E7A4F7556}") = "XamarinApp", "XamarinApp\XamarinApp\XamarinApp.csproj", "{A32ACF58-7FD4-4DD5-BF46-78597D93CEE2}"
EndProject
Project("{FAE04EC0-301F-11D3-BF4B-00C04F79EFBC}") = "Angular", "Angular\Angular.csproj", "{D46D3AEC-CAF2-4785-A51E-A5060D5110C5}"
EndProject
Global
	GlobalSection(SolutionConfigurationPlatforms) = preSolution
		Debug|Any CPU = Debug|Any CPU
		Release|Any CPU = Release|Any CPU
	EndGlobalSection
	GlobalSection(ProjectConfigurationPlatforms) = postSolution
		{CB8DA3CE-CF95-4547-9DDE-A7A4102A3130}.Debug|Any CPU.ActiveCfg = Debug|Any CPU
		{CB8DA3CE-CF95-4547-9DDE-A7A4102A3130}.Debug|Any CPU.Build.0 = Debug|Any CPU
		{CB8DA3CE-CF95-4547-9DDE-A7A4102A3130}.Release|Any CPU.ActiveCfg = Release|Any CPU
		{CB8DA3CE-CF95-4547-9DDE-A7A4102A3130}.Release|Any CPU.Build.0 = Release|Any CPU
		{BD528B93-CC27-46DB-80FA-DC9BF617E820}.Debug|Any CPU.ActiveCfg = Debug|Any CPU
		{BD528B93-CC27-46DB-80FA-DC9BF617E820}.Debug|Any CPU.Build.0 = Debug|Any CPU
		{BD528B93-CC27-46DB-80FA-DC9BF617E820}.Release|Any CPU.ActiveCfg = Release|Any CPU
		{BD528B93-CC27-46DB-80FA-DC9BF617E820}.Release|Any CPU.Build.0 = Release|Any CPU
		{EBC70960-000B-4F1F-A41F-52A91AEAF6E6}.Debug|Any CPU.ActiveCfg = Debug|Any CPU
		{EBC70960-000B-4F1F-A41F-52A91AEAF6E6}.Debug|Any CPU.Build.0 = Debug|Any CPU
		{EBC70960-000B-4F1F-A41F-52A91AEAF6E6}.Release|Any CPU.ActiveCfg = Release|Any CPU
		{EBC70960-000B-4F1F-A41F-52A91AEAF6E6}.Release|Any CPU.Build.0 = Release|Any CPU
		{4707EDF0-4DB1-473B-9435-5FEBDA1042B3}.Debug|Any CPU.ActiveCfg = Debug|Any CPU
		{4707EDF0-4DB1-473B-9435-5FEBDA1042B3}.Debug|Any CPU.Build.0 = Debug|Any CPU
		{4707EDF0-4DB1-473B-9435-5FEBDA1042B3}.Release|Any CPU.ActiveCfg = Release|Any CPU
		{4707EDF0-4DB1-473B-9435-5FEBDA1042B3}.Release|Any CPU.Build.0 = Release|Any CPU
		{A51D18DA-8122-44E1-867B-1251C088832A}.Debug|Any CPU.ActiveCfg = Debug|Any CPU
		{A51D18DA-8122-44E1-867B-1251C088832A}.Debug|Any CPU.Build.0 = Debug|Any CPU
		{A51D18DA-8122-44E1-867B-1251C088832A}.Release|Any CPU.ActiveCfg = Release|Any CPU
		{A51D18DA-8122-44E1-867B-1251C088832A}.Release|Any CPU.Build.0 = Release|Any CPU
		{BD1A1261-3980-48F9-9F9F-EEE214B97728}.Debug|Any CPU.ActiveCfg = Debug|Any CPU
		{BD1A1261-3980-48F9-9F9F-EEE214B97728}.Debug|Any CPU.Build.0 = Debug|Any CPU
		{BD1A1261-3980-48F9-9F9F-EEE214B97728}.Release|Any CPU.ActiveCfg = Release|Any CPU
		{BD1A1261-3980-48F9-9F9F-EEE214B97728}.Release|Any CPU.Build.0 = Release|Any CPU
		{7EEF41C6-A90F-47F2-8BC8-91D1C3F966FE}.Debug|Any CPU.ActiveCfg = Debug|Any CPU
		{7EEF41C6-A90F-47F2-8BC8-91D1C3F966FE}.Debug|Any CPU.Build.0 = Debug|Any CPU
		{7EEF41C6-A90F-47F2-8BC8-91D1C3F966FE}.Release|Any CPU.ActiveCfg = Release|Any CPU
		{7EEF41C6-A90F-47F2-8BC8-91D1C3F966FE}.Release|Any CPU.Build.0 = Release|Any CPU
		{89877242-92A7-419E-9DC6-ED18C40DA704}.Debug|Any CPU.ActiveCfg = Debug|Any CPU
		{89877242-92A7-419E-9DC6-ED18C40DA704}.Debug|Any CPU.Build.0 = Debug|Any CPU
		{89877242-92A7-419E-9DC6-ED18C40DA704}.Release|Any CPU.ActiveCfg = Release|Any CPU
		{89877242-92A7-419E-9DC6-ED18C40DA704}.Release|Any CPU.Build.0 = Release|Any CPU
		{DECF9AE7-E0AE-485E-8FF4-ED3276A785F5}.Debug|Any CPU.ActiveCfg = Debug|Any CPU
		{DECF9AE7-E0AE-485E-8FF4-ED3276A785F5}.Debug|Any CPU.Build.0 = Debug|Any CPU
		{DECF9AE7-E0AE-485E-8FF4-ED3276A785F5}.Release|Any CPU.ActiveCfg = Release|Any CPU
		{DECF9AE7-E0AE-485E-8FF4-ED3276A785F5}.Release|Any CPU.Build.0 = Release|Any CPU
		{29A7FDE8-6760-4796-82AE-00FBA7B1C0B4}.Debug|Any CPU.ActiveCfg = Debug|Any CPU
		{29A7FDE8-6760-4796-82AE-00FBA7B1C0B4}.Debug|Any CPU.Build.0 = Debug|Any CPU
		{29A7FDE8-6760-4796-82AE-00FBA7B1C0B4}.Release|Any CPU.ActiveCfg = Release|Any CPU
		{29A7FDE8-6760-4796-82AE-00FBA7B1C0B4}.Release|Any CPU.Build.0 = Release|Any CPU
		{FCC518A9-909C-4F86-9DD0-C16C0ED67B68}.Debug|Any CPU.ActiveCfg = Debug|Any CPU
		{FCC518A9-909C-4F86-9DD0-C16C0ED67B68}.Debug|Any CPU.Build.0 = Debug|Any CPU
		{FCC518A9-909C-4F86-9DD0-C16C0ED67B68}.Release|Any CPU.ActiveCfg = Release|Any CPU
		{FCC518A9-909C-4F86-9DD0-C16C0ED67B68}.Release|Any CPU.Build.0 = Release|Any CPU
		{6DFCB525-A543-46D2-B7AF-761B7E5AF160}.Debug|Any CPU.ActiveCfg = Debug|Any CPU
		{6DFCB525-A543-46D2-B7AF-761B7E5AF160}.Debug|Any CPU.Build.0 = Debug|Any CPU
		{6DFCB525-A543-46D2-B7AF-761B7E5AF160}.Debug|Any CPU.Deploy.0 = Debug|Any CPU
		{6DFCB525-A543-46D2-B7AF-761B7E5AF160}.Release|Any CPU.ActiveCfg = Release|Any CPU
		{6DFCB525-A543-46D2-B7AF-761B7E5AF160}.Release|Any CPU.Build.0 = Release|Any CPU
		{6DFCB525-A543-46D2-B7AF-761B7E5AF160}.Release|Any CPU.Deploy.0 = Release|Any CPU
		{A32ACF58-7FD4-4DD5-BF46-78597D93CEE2}.Debug|Any CPU.ActiveCfg = Debug|Any CPU
		{A32ACF58-7FD4-4DD5-BF46-78597D93CEE2}.Debug|Any CPU.Build.0 = Debug|Any CPU
		{A32ACF58-7FD4-4DD5-BF46-78597D93CEE2}.Release|Any CPU.ActiveCfg = Release|Any CPU
		{A32ACF58-7FD4-4DD5-BF46-78597D93CEE2}.Release|Any CPU.Build.0 = Release|Any CPU
		{D46D3AEC-CAF2-4785-A51E-A5060D5110C5}.Debug|Any CPU.ActiveCfg = Debug|Any CPU
		{D46D3AEC-CAF2-4785-A51E-A5060D5110C5}.Debug|Any CPU.Build.0 = Debug|Any CPU
		{D46D3AEC-CAF2-4785-A51E-A5060D5110C5}.Release|Any CPU.ActiveCfg = Release|Any CPU
		{D46D3AEC-CAF2-4785-A51E-A5060D5110C5}.Release|Any CPU.Build.0 = Release|Any CPU
	EndGlobalSection
	GlobalSection(SolutionProperties) = preSolution
		HideSolutionNode = FALSE
	EndGlobalSection
	GlobalSection(NestedProjects) = preSolution
		{CB8DA3CE-CF95-4547-9DDE-A7A4102A3130} = {7543969E-0B5E-40EA-B9FC-7E22857D7B5D}
		{BD528B93-CC27-46DB-80FA-DC9BF617E820} = {7543969E-0B5E-40EA-B9FC-7E22857D7B5D}
		{EBC70960-000B-4F1F-A41F-52A91AEAF6E6} = {85A8A5DC-9E6A-4694-9919-767DC72BC960}
		{4707EDF0-4DB1-473B-9435-5FEBDA1042B3} = {85A8A5DC-9E6A-4694-9919-767DC72BC960}
		{A51D18DA-8122-44E1-867B-1251C088832A} = {85A8A5DC-9E6A-4694-9919-767DC72BC960}
		{BD1A1261-3980-48F9-9F9F-EEE214B97728} = {9D8AD979-7C11-45DF-AA44-FDE88CA65FF4}
		{7EEF41C6-A90F-47F2-8BC8-91D1C3F966FE} = {9D8AD979-7C11-45DF-AA44-FDE88CA65FF4}
		{89877242-92A7-419E-9DC6-ED18C40DA704} = {9D8AD979-7C11-45DF-AA44-FDE88CA65FF4}
		{DECF9AE7-E0AE-485E-8FF4-ED3276A785F5} = {9D8AD979-7C11-45DF-AA44-FDE88CA65FF4}
		{29A7FDE8-6760-4796-82AE-00FBA7B1C0B4} = {9D8AD979-7C11-45DF-AA44-FDE88CA65FF4}
		{FCC518A9-909C-4F86-9DD0-C16C0ED67B68} = {9D8AD979-7C11-45DF-AA44-FDE88CA65FF4}
		{6DFCB525-A543-46D2-B7AF-761B7E5AF160} = {9D8AD979-7C11-45DF-AA44-FDE88CA65FF4}
		{A32ACF58-7FD4-4DD5-BF46-78597D93CEE2} = {9D8AD979-7C11-45DF-AA44-FDE88CA65FF4}
		{D46D3AEC-CAF2-4785-A51E-A5060D5110C5} = {9D8AD979-7C11-45DF-AA44-FDE88CA65FF4}
	EndGlobalSection
	GlobalSection(ExtensibilityGlobals) = postSolution
		SolutionGuid = {451D3CFF-AF11-410B-BFA4-4E8F0D85C3FE}
	EndGlobalSection
EndGlobal
