{
  "requires": true,
  "lockfileVersion": 1,
  "dependencies": {
    "angular-auth-oidc-client": {
      "version": "11.1.1",
      "resolved": "https://registry.npmjs.org/angular-auth-oidc-client/-/angular-auth-oidc-client-11.1.1.tgz",
      "integrity": "sha512-CXKIyjdDCmP/w9p9tSMdyrZ+8sxRQcnwRsqi544GWVQKEoWZqaRNjsdVoOVrqjcHOMYDkHzwt+gROLHg8qnWgw==",
      "requires": {
        "common-tags": "^1.8.0",
        "jsrsasign-reduced": "^8.0.15"
      }
    },
    "common-tags": {
      "version": "1.8.0",
      "resolved": "https://registry.npmjs.org/common-tags/-/common-tags-1.8.0.tgz",
      "integrity": "sha512-6P6g0uetGpW/sdyUy/iQQCbFF0kWVMSIVSyYz7Zgjcgh8mgw8PQzDNZeyZ5DQ2gM7LBoZPHmnjz8rUthkBG5tw=="
    },
    "jsrsasign-reduced": {
      "version": "8.0.15",
      "resolved": "https://registry.npmjs.org/jsrsasign-reduced/-/jsrsasign-reduced-8.0.15.tgz",
      "integrity": "sha512-Ig4W69nXCIUedzOSk3nqJWUr2DmSDENYfsmCqVK33GPETtPcjwREGQc92hV5jcJ6zavMvGD4tjhZ+T7JIiaSLA=="
    }
  }
}
